
Microsoft Visual Studio Solution File, Format Version 12.00
# Visual Studio Version 16
VisualStudioVersion = 25.0.1706.14
MinimumVisualStudioVersion = 10.0.40219.1
Project("{FAE04EC0-301F-11D3-BF4B-00C04F79EFBC}") = "Overcast", "Overcast.csproj", "{4AB54102-A8B6-43D4-976E-419A6B324995}"
EndProject
Global
	GlobalSection(SolutionConfigurationPlatforms) = preSolution
		Debug|Any CPU = Debug|Any CPU
		Release|Any CPU = Release|Any CPU
	EndGlobalSection
	GlobalSection(ProjectConfigurationPlatforms) = postSolution
		{4AB54102-A8B6-43D4-976E-419A6B324995}.Debug|Any CPU.ActiveCfg = Debug|Any CPU
		{4AB54102-A8B6-43D4-976E-419A6B324995}.Debug|Any CPU.Build.0 = Debug|Any CPU
		{4AB54102-A8B6-43D4-976E-419A6B324995}.Release|Any CPU.ActiveCfg = Release|Any CPU
		{4AB54102-A8B6-43D4-976E-419A6B324995}.Release|Any CPU.Build.0 = Release|Any CPU
	EndGlobalSection
	GlobalSection(SolutionProperties) = preSolution
		HideSolutionNode = FALSE
	EndGlobalSection
	GlobalSection(ExtensibilityGlobals) = postSolution
		SolutionGuid = {246E38E5-ADD0-40DD-8CA6-993CC1D45015}
	EndGlobalSection
EndGlobal
